
Microsoft Visual Studio Solution File, Format Version 12.00
# Visual Studio 15
VisualStudioVersion = 15.0.26124.0
MinimumVisualStudioVersion = 15.0.26124.0
Project("{FAE04EC0-301F-11D3-BF4B-00C04F79EFBC}") = "ClassificadosWeb.Domain", "ClassificadosWeb.Domain\ClassificadosWeb.Domain.csproj", "{B008FB3D-2371-4B2C-B78E-4799B0A7E489}"
EndProject
Project("{FAE04EC0-301F-11D3-BF4B-00C04F79EFBC}") = "ClassificadosWeb.Tests", "ClassificadosWeb.Tests\ClassificadosWeb.Tests.csproj", "{F3754D30-66F0-41E0-B287-525C3356405D}"
EndProject
Project("{FAE04EC0-301F-11D3-BF4B-00C04F79EFBC}") = "ClassificadosWeb.Infra", "ClassificadosWeb.Infra\ClassificadosWeb.Infra.csproj", "{57B4C95B-F19E-47B4-B333-3A1DDCCA07C6}"
EndProject
Project("{FAE04EC0-301F-11D3-BF4B-00C04F79EFBC}") = "ClassificadosWeb.Api", "ClassificadosWeb.Api\ClassificadosWeb.Api.csproj", "{FFE316E1-99B5-4643-BA56-BB70200D61CA}"
EndProject
Global
	GlobalSection(SolutionConfigurationPlatforms) = preSolution
		Debug|Any CPU = Debug|Any CPU
		Debug|x64 = Debug|x64
		Debug|x86 = Debug|x86
		Release|Any CPU = Release|Any CPU
		Release|x64 = Release|x64
		Release|x86 = Release|x86
	EndGlobalSection
	GlobalSection(SolutionProperties) = preSolution
		HideSolutionNode = FALSE
	EndGlobalSection
	GlobalSection(ProjectConfigurationPlatforms) = postSolution
		{B008FB3D-2371-4B2C-B78E-4799B0A7E489}.Debug|Any CPU.ActiveCfg = Debug|Any CPU
		{B008FB3D-2371-4B2C-B78E-4799B0A7E489}.Debug|Any CPU.Build.0 = Debug|Any CPU
		{B008FB3D-2371-4B2C-B78E-4799B0A7E489}.Debug|x64.ActiveCfg = Debug|Any CPU
		{B008FB3D-2371-4B2C-B78E-4799B0A7E489}.Debug|x64.Build.0 = Debug|Any CPU
		{B008FB3D-2371-4B2C-B78E-4799B0A7E489}.Debug|x86.ActiveCfg = Debug|Any CPU
		{B008FB3D-2371-4B2C-B78E-4799B0A7E489}.Debug|x86.Build.0 = Debug|Any CPU
		{B008FB3D-2371-4B2C-B78E-4799B0A7E489}.Release|Any CPU.ActiveCfg = Release|Any CPU
		{B008FB3D-2371-4B2C-B78E-4799B0A7E489}.Release|Any CPU.Build.0 = Release|Any CPU
		{B008FB3D-2371-4B2C-B78E-4799B0A7E489}.Release|x64.ActiveCfg = Release|Any CPU
		{B008FB3D-2371-4B2C-B78E-4799B0A7E489}.Release|x64.Build.0 = Release|Any CPU
		{B008FB3D-2371-4B2C-B78E-4799B0A7E489}.Release|x86.ActiveCfg = Release|Any CPU
		{B008FB3D-2371-4B2C-B78E-4799B0A7E489}.Release|x86.Build.0 = Release|Any CPU
		{F3754D30-66F0-41E0-B287-525C3356405D}.Debug|Any CPU.ActiveCfg = Debug|Any CPU
		{F3754D30-66F0-41E0-B287-525C3356405D}.Debug|Any CPU.Build.0 = Debug|Any CPU
		{F3754D30-66F0-41E0-B287-525C3356405D}.Debug|x64.ActiveCfg = Debug|Any CPU
		{F3754D30-66F0-41E0-B287-525C3356405D}.Debug|x64.Build.0 = Debug|Any CPU
		{F3754D30-66F0-41E0-B287-525C3356405D}.Debug|x86.ActiveCfg = Debug|Any CPU
		{F3754D30-66F0-41E0-B287-525C3356405D}.Debug|x86.Build.0 = Debug|Any CPU
		{F3754D30-66F0-41E0-B287-525C3356405D}.Release|Any CPU.ActiveCfg = Release|Any CPU
		{F3754D30-66F0-41E0-B287-525C3356405D}.Release|Any CPU.Build.0 = Release|Any CPU
		{F3754D30-66F0-41E0-B287-525C3356405D}.Release|x64.ActiveCfg = Release|Any CPU
		{F3754D30-66F0-41E0-B287-525C3356405D}.Release|x64.Build.0 = Release|Any CPU
		{F3754D30-66F0-41E0-B287-525C3356405D}.Release|x86.ActiveCfg = Release|Any CPU
		{F3754D30-66F0-41E0-B287-525C3356405D}.Release|x86.Build.0 = Release|Any CPU
		{57B4C95B-F19E-47B4-B333-3A1DDCCA07C6}.Debug|Any CPU.ActiveCfg = Debug|Any CPU
		{57B4C95B-F19E-47B4-B333-3A1DDCCA07C6}.Debug|Any CPU.Build.0 = Debug|Any CPU
		{57B4C95B-F19E-47B4-B333-3A1DDCCA07C6}.Debug|x64.ActiveCfg = Debug|Any CPU
		{57B4C95B-F19E-47B4-B333-3A1DDCCA07C6}.Debug|x64.Build.0 = Debug|Any CPU
		{57B4C95B-F19E-47B4-B333-3A1DDCCA07C6}.Debug|x86.ActiveCfg = Debug|Any CPU
		{57B4C95B-F19E-47B4-B333-3A1DDCCA07C6}.Debug|x86.Build.0 = Debug|Any CPU
		{57B4C95B-F19E-47B4-B333-3A1DDCCA07C6}.Release|Any CPU.ActiveCfg = Release|Any CPU
		{57B4C95B-F19E-47B4-B333-3A1DDCCA07C6}.Release|Any CPU.Build.0 = Release|Any CPU
		{57B4C95B-F19E-47B4-B333-3A1DDCCA07C6}.Release|x64.ActiveCfg = Release|Any CPU
		{57B4C95B-F19E-47B4-B333-3A1DDCCA07C6}.Release|x64.Build.0 = Release|Any CPU
		{57B4C95B-F19E-47B4-B333-3A1DDCCA07C6}.Release|x86.ActiveCfg = Release|Any CPU
		{57B4C95B-F19E-47B4-B333-3A1DDCCA07C6}.Release|x86.Build.0 = Release|Any CPU
		{FFE316E1-99B5-4643-BA56-BB70200D61CA}.Debug|Any CPU.ActiveCfg = Debug|Any CPU
		{FFE316E1-99B5-4643-BA56-BB70200D61CA}.Debug|Any CPU.Build.0 = Debug|Any CPU
		{FFE316E1-99B5-4643-BA56-BB70200D61CA}.Debug|x64.ActiveCfg = Debug|Any CPU
		{FFE316E1-99B5-4643-BA56-BB70200D61CA}.Debug|x64.Build.0 = Debug|Any CPU
		{FFE316E1-99B5-4643-BA56-BB70200D61CA}.Debug|x86.ActiveCfg = Debug|Any CPU
		{FFE316E1-99B5-4643-BA56-BB70200D61CA}.Debug|x86.Build.0 = Debug|Any CPU
		{FFE316E1-99B5-4643-BA56-BB70200D61CA}.Release|Any CPU.ActiveCfg = Release|Any CPU
		{FFE316E1-99B5-4643-BA56-BB70200D61CA}.Release|Any CPU.Build.0 = Release|Any CPU
		{FFE316E1-99B5-4643-BA56-BB70200D61CA}.Release|x64.ActiveCfg = Release|Any CPU
		{FFE316E1-99B5-4643-BA56-BB70200D61CA}.Release|x64.Build.0 = Release|Any CPU
		{FFE316E1-99B5-4643-BA56-BB70200D61CA}.Release|x86.ActiveCfg = Release|Any CPU
		{FFE316E1-99B5-4643-BA56-BB70200D61CA}.Release|x86.Build.0 = Release|Any CPU
	EndGlobalSection
EndGlobal
